
Microsoft Visual Studio Solution File, Format Version 12.00
# Visual Studio Version 17
VisualStudioVersion = 17.5.33516.290
MinimumVisualStudioVersion = 10.0.40219.1
Project("{9A19103F-16F7-4668-BE54-9A1E7A4F7556}") = "BreakoutGame", "BreakoutGame.csproj", "{D5D86DED-B548-4732-A533-9F0E497E9B8A}"
EndProject
Global
	GlobalSection(SolutionConfigurationPlatforms) = preSolution
		Debug|Any CPU = Debug|Any CPU
		Release|Any CPU = Release|Any CPU
	EndGlobalSection
	GlobalSection(ProjectConfigurationPlatforms) = postSolution
		{D5D86DED-B548-4732-A533-9F0E497E9B8A}.Debug|Any CPU.ActiveCfg = Debug|Any CPU
		{D5D86DED-B548-4732-A533-9F0E497E9B8A}.Debug|Any CPU.Build.0 = Debug|Any CPU
		{D5D86DED-B548-4732-A533-9F0E497E9B8A}.Release|Any CPU.ActiveCfg = Release|Any CPU
		{D5D86DED-B548-4732-A533-9F0E497E9B8A}.Release|Any CPU.Build.0 = Release|Any CPU
	EndGlobalSection
	GlobalSection(SolutionProperties) = preSolution
		HideSolutionNode = FALSE
	EndGlobalSection
	GlobalSection(ExtensibilityGlobals) = postSolution
		SolutionGuid = {18A80123-2887-4602-BF2F-12BD1F198746}
	EndGlobalSection
EndGlobal
